
Microsoft Visual Studio Solution File, Format Version 12.00
# Visual Studio Version 17
VisualStudioVersion = 17.13.35919.96 d17.13
MinimumVisualStudioVersion = 10.0.40219.1
Project("{FAE04EC0-301F-11D3-BF4B-00C04F79EFBC}") = "FinalProject", "FinalProject\FinalProject.csproj", "{767F87D4-1A86-4E46-835D-5A5D695D73D4}"
EndProject
Global
	GlobalSection(SolutionConfigurationPlatforms) = preSolution
		Debug|Any CPU = Debug|Any CPU
		Release|Any CPU = Release|Any CPU
	EndGlobalSection
	GlobalSection(ProjectConfigurationPlatforms) = postSolution
		{767F87D4-1A86-4E46-835D-5A5D695D73D4}.Debug|Any CPU.ActiveCfg = Debug|Any CPU
		{767F87D4-1A86-4E46-835D-5A5D695D73D4}.Debug|Any CPU.Build.0 = Debug|Any CPU
		{767F87D4-1A86-4E46-835D-5A5D695D73D4}.Release|Any CPU.ActiveCfg = Release|Any CPU
		{767F87D4-1A86-4E46-835D-5A5D695D73D4}.Release|Any CPU.Build.0 = Release|Any CPU
	EndGlobalSection
	GlobalSection(SolutionProperties) = preSolution
		HideSolutionNode = FALSE
	EndGlobalSection
	GlobalSection(ExtensibilityGlobals) = postSolution
		SolutionGuid = {174AD2B5-5153-489F-9828-55D607587064}
	EndGlobalSection
EndGlobal
